
Microsoft Visual Studio Solution File, Format Version 12.00
# Visual Studio Version 17
VisualStudioVersion = 17.1.31911.260
MinimumVisualStudioVersion = 10.0.40219.1
Project("{9A19103F-16F7-4668-BE54-9A1E7A4F7556}") = "Entities", "Entities\Entities.csproj", "{BDCF543F-2B4A-4DF9-9B55-72CA924CE359}"
EndProject
Project("{9A19103F-16F7-4668-BE54-9A1E7A4F7556}") = "DataAccess", "DataAccess\DataAccess.csproj", "{D3AA9603-EE9B-4E3E-8681-7EEE1B34FF27}"
EndProject
Project("{9A19103F-16F7-4668-BE54-9A1E7A4F7556}") = "Business", "Business\Business.csproj", "{F9935223-18A9-407E-A2D6-F34084D9871D}"
EndProject
Project("{9A19103F-16F7-4668-BE54-9A1E7A4F7556}") = "Core", "Core\Core.csproj", "{CF1AC0B3-6E33-4F58-A4E3-AACA0ED8116D}"
EndProject
Project("{9A19103F-16F7-4668-BE54-9A1E7A4F7556}") = "WebAPI", "WebAPI\WebAPI.csproj", "{B420B944-5B62-4A31-9F38-F94A0F296A1C}"
EndProject
Project("{2150E333-8FDC-42A3-9474-1A3956D46DE8}") = "Tetst", "Tetst", "{CD60D63E-9D81-43C6-9CD7-DD59A5DB0BEB}"
EndProject
Project("{9A19103F-16F7-4668-BE54-9A1E7A4F7556}") = "Business.Tests", "Tests\Business.Tests\Business.Tests.csproj", "{81879620-928F-45E3-87B9-7559D4A671A3}"
EndProject
Project("{9A19103F-16F7-4668-BE54-9A1E7A4F7556}") = "DataAccess.Tests", "Tests\DataAccess.Tests\DataAccess.Tests.csproj", "{BB1AB40F-4B90-4B3F-B6F5-ACE622B428DE}"
EndProject
Project("{9A19103F-16F7-4668-BE54-9A1E7A4F7556}") = "WebAPI.Tests", "Tests\WebAPI.Tests\WebAPI.Tests.csproj", "{9A5B7BBF-46FB-48DA-BE48-00422DF62EE5}"
EndProject
Project("{9A19103F-16F7-4668-BE54-9A1E7A4F7556}") = "MvcWebUI", "MvcWebUI\MvcWebUI.csproj", "{5E58B0F3-6FEF-4D7F-A43A-F777AF5851DD}"
EndProject
Project("{9A19103F-16F7-4668-BE54-9A1E7A4F7556}") = "MvcWebUI.Tests", "Tests\MvcWebUI.Tests\MvcWebUI.Tests.csproj", "{B2411373-B533-4E75-83F7-C7D9CF7F0B77}"
EndProject
Global
	GlobalSection(SolutionConfigurationPlatforms) = preSolution
		Debug|Any CPU = Debug|Any CPU
		Release|Any CPU = Release|Any CPU
	EndGlobalSection
	GlobalSection(ProjectConfigurationPlatforms) = postSolution
		{BDCF543F-2B4A-4DF9-9B55-72CA924CE359}.Debug|Any CPU.ActiveCfg = Debug|Any CPU
		{BDCF543F-2B4A-4DF9-9B55-72CA924CE359}.Debug|Any CPU.Build.0 = Debug|Any CPU
		{BDCF543F-2B4A-4DF9-9B55-72CA924CE359}.Release|Any CPU.ActiveCfg = Release|Any CPU
		{BDCF543F-2B4A-4DF9-9B55-72CA924CE359}.Release|Any CPU.Build.0 = Release|Any CPU
		{D3AA9603-EE9B-4E3E-8681-7EEE1B34FF27}.Debug|Any CPU.ActiveCfg = Debug|Any CPU
		{D3AA9603-EE9B-4E3E-8681-7EEE1B34FF27}.Debug|Any CPU.Build.0 = Debug|Any CPU
		{D3AA9603-EE9B-4E3E-8681-7EEE1B34FF27}.Release|Any CPU.ActiveCfg = Release|Any CPU
		{D3AA9603-EE9B-4E3E-8681-7EEE1B34FF27}.Release|Any CPU.Build.0 = Release|Any CPU
		{F9935223-18A9-407E-A2D6-F34084D9871D}.Debug|Any CPU.ActiveCfg = Debug|Any CPU
		{F9935223-18A9-407E-A2D6-F34084D9871D}.Debug|Any CPU.Build.0 = Debug|Any CPU
		{F9935223-18A9-407E-A2D6-F34084D9871D}.Release|Any CPU.ActiveCfg = Release|Any CPU
		{F9935223-18A9-407E-A2D6-F34084D9871D}.Release|Any CPU.Build.0 = Release|Any CPU
		{CF1AC0B3-6E33-4F58-A4E3-AACA0ED8116D}.Debug|Any CPU.ActiveCfg = Debug|Any CPU
		{CF1AC0B3-6E33-4F58-A4E3-AACA0ED8116D}.Debug|Any CPU.Build.0 = Debug|Any CPU
		{CF1AC0B3-6E33-4F58-A4E3-AACA0ED8116D}.Release|Any CPU.ActiveCfg = Release|Any CPU
		{CF1AC0B3-6E33-4F58-A4E3-AACA0ED8116D}.Release|Any CPU.Build.0 = Release|Any CPU
		{B420B944-5B62-4A31-9F38-F94A0F296A1C}.Debug|Any CPU.ActiveCfg = Debug|Any CPU
		{B420B944-5B62-4A31-9F38-F94A0F296A1C}.Debug|Any CPU.Build.0 = Debug|Any CPU
		{B420B944-5B62-4A31-9F38-F94A0F296A1C}.Release|Any CPU.ActiveCfg = Release|Any CPU
		{B420B944-5B62-4A31-9F38-F94A0F296A1C}.Release|Any CPU.Build.0 = Release|Any CPU
		{81879620-928F-45E3-87B9-7559D4A671A3}.Debug|Any CPU.ActiveCfg = Debug|Any CPU
		{81879620-928F-45E3-87B9-7559D4A671A3}.Debug|Any CPU.Build.0 = Debug|Any CPU
		{81879620-928F-45E3-87B9-7559D4A671A3}.Release|Any CPU.ActiveCfg = Release|Any CPU
		{81879620-928F-45E3-87B9-7559D4A671A3}.Release|Any CPU.Build.0 = Release|Any CPU
		{BB1AB40F-4B90-4B3F-B6F5-ACE622B428DE}.Debug|Any CPU.ActiveCfg = Debug|Any CPU
		{BB1AB40F-4B90-4B3F-B6F5-ACE622B428DE}.Debug|Any CPU.Build.0 = Debug|Any CPU
		{BB1AB40F-4B90-4B3F-B6F5-ACE622B428DE}.Release|Any CPU.ActiveCfg = Release|Any CPU
		{BB1AB40F-4B90-4B3F-B6F5-ACE622B428DE}.Release|Any CPU.Build.0 = Release|Any CPU
		{9A5B7BBF-46FB-48DA-BE48-00422DF62EE5}.Debug|Any CPU.ActiveCfg = Debug|Any CPU
		{9A5B7BBF-46FB-48DA-BE48-00422DF62EE5}.Debug|Any CPU.Build.0 = Debug|Any CPU
		{9A5B7BBF-46FB-48DA-BE48-00422DF62EE5}.Release|Any CPU.ActiveCfg = Release|Any CPU
		{9A5B7BBF-46FB-48DA-BE48-00422DF62EE5}.Release|Any CPU.Build.0 = Release|Any CPU
		{5E58B0F3-6FEF-4D7F-A43A-F777AF5851DD}.Debug|Any CPU.ActiveCfg = Debug|Any CPU
		{5E58B0F3-6FEF-4D7F-A43A-F777AF5851DD}.Debug|Any CPU.Build.0 = Debug|Any CPU
		{5E58B0F3-6FEF-4D7F-A43A-F777AF5851DD}.Release|Any CPU.ActiveCfg = Release|Any CPU
		{5E58B0F3-6FEF-4D7F-A43A-F777AF5851DD}.Release|Any CPU.Build.0 = Release|Any CPU
		{B2411373-B533-4E75-83F7-C7D9CF7F0B77}.Debug|Any CPU.ActiveCfg = Debug|Any CPU
		{B2411373-B533-4E75-83F7-C7D9CF7F0B77}.Debug|Any CPU.Build.0 = Debug|Any CPU
		{B2411373-B533-4E75-83F7-C7D9CF7F0B77}.Release|Any CPU.ActiveCfg = Release|Any CPU
		{B2411373-B533-4E75-83F7-C7D9CF7F0B77}.Release|Any CPU.Build.0 = Release|Any CPU
	EndGlobalSection
	GlobalSection(SolutionProperties) = preSolution
		HideSolutionNode = FALSE
	EndGlobalSection
	GlobalSection(NestedProjects) = preSolution
		{81879620-928F-45E3-87B9-7559D4A671A3} = {CD60D63E-9D81-43C6-9CD7-DD59A5DB0BEB}
		{BB1AB40F-4B90-4B3F-B6F5-ACE622B428DE} = {CD60D63E-9D81-43C6-9CD7-DD59A5DB0BEB}
		{9A5B7BBF-46FB-48DA-BE48-00422DF62EE5} = {CD60D63E-9D81-43C6-9CD7-DD59A5DB0BEB}
		{B2411373-B533-4E75-83F7-C7D9CF7F0B77} = {CD60D63E-9D81-43C6-9CD7-DD59A5DB0BEB}
	EndGlobalSection
	GlobalSection(ExtensibilityGlobals) = postSolution
		SolutionGuid = {02E57E15-BDB4-440A-A138-B1C381A8F0CA}
	EndGlobalSection
EndGlobal
